
Microsoft Visual Studio Solution File, Format Version 12.00
# Visual Studio 15
VisualStudioVersion = 15.0.28307.1000
MinimumVisualStudioVersion = 10.0.40219.1
Project("{2150E333-8FDC-42A3-9474-1A3956D46DE8}") = "CleanArch.Application", "CleanArch.Application", "{D419C7AF-D8D5-479A-B62C-B66B57C73B5F}"
EndProject
Project("{2150E333-8FDC-42A3-9474-1A3956D46DE8}") = "CleanArch.Domain", "CleanArch.Domain", "{DD7B2978-FE69-4F29-8249-EB70ED0F122A}"
EndProject
Project("{2150E333-8FDC-42A3-9474-1A3956D46DE8}") = "CleanArch.Infra.Data", "CleanArch.Infra.Data", "{AC874A04-0270-42AA-8731-C940B1CA06DD}"
EndProject
Project("{2150E333-8FDC-42A3-9474-1A3956D46DE8}") = "CleanArch.Infra.IoC", "CleanArch.Infra.IoC", "{D94DE1B1-FEEC-48A4-9713-D67C8358DE8C}"
EndProject
Project("{2150E333-8FDC-42A3-9474-1A3956D46DE8}") = "CleanArch.IU.Mvc", "CleanArch.IU.Mvc", "{EFF3B30E-74A7-4929-9FCB-DA26855748B0}"
EndProject
Project("{FAE04EC0-301F-11D3-BF4B-00C04F79EFBC}") = "CleanArch.Mvc", "CleanArch.Mvc\CleanArch.Mvc.csproj", "{556210E8-1D03-46B6-9F17-98A4C0BFECAE}"
EndProject
Global
	GlobalSection(SolutionConfigurationPlatforms) = preSolution
		Debug|Any CPU = Debug|Any CPU
		Release|Any CPU = Release|Any CPU
	EndGlobalSection
	GlobalSection(ProjectConfigurationPlatforms) = postSolution
		{556210E8-1D03-46B6-9F17-98A4C0BFECAE}.Debug|Any CPU.ActiveCfg = Debug|Any CPU
		{556210E8-1D03-46B6-9F17-98A4C0BFECAE}.Debug|Any CPU.Build.0 = Debug|Any CPU
		{556210E8-1D03-46B6-9F17-98A4C0BFECAE}.Release|Any CPU.ActiveCfg = Release|Any CPU
		{556210E8-1D03-46B6-9F17-98A4C0BFECAE}.Release|Any CPU.Build.0 = Release|Any CPU
	EndGlobalSection
	GlobalSection(SolutionProperties) = preSolution
		HideSolutionNode = FALSE
	EndGlobalSection
	GlobalSection(NestedProjects) = preSolution
		{556210E8-1D03-46B6-9F17-98A4C0BFECAE} = {EFF3B30E-74A7-4929-9FCB-DA26855748B0}
	EndGlobalSection
	GlobalSection(ExtensibilityGlobals) = postSolution
		SolutionGuid = {F8F3DCD0-38AD-41DE-961B-181321FAEA1A}
	EndGlobalSection
EndGlobal
