
Microsoft Visual Studio Solution File, Format Version 12.00
# Visual Studio 15
VisualStudioVersion = 15.0.28307.1000
MinimumVisualStudioVersion = 10.0.40219.1
Project("{2150E333-8FDC-42A3-9474-1A3956D46DE8}") = "Application", "Application", "{D419C7AF-D8D5-479A-B62C-B66B57C73B5F}"
EndProject
Project("{2150E333-8FDC-42A3-9474-1A3956D46DE8}") = "Domain", "Domain", "{DD7B2978-FE69-4F29-8249-EB70ED0F122A}"
EndProject
Project("{2150E333-8FDC-42A3-9474-1A3956D46DE8}") = "Infra.IoC", "Infra.IoC", "{D94DE1B1-FEEC-48A4-9713-D67C8358DE8C}"
EndProject
Project("{2150E333-8FDC-42A3-9474-1A3956D46DE8}") = "Presentation", "Presentation", "{EFF3B30E-74A7-4929-9FCB-DA26855748B0}"
EndProject
Project("{9A19103F-16F7-4668-BE54-9A1E7A4F7556}") = "CleanArch.Mvc", "CleanArch.Mvc\CleanArch.Mvc.csproj", "{556210E8-1D03-46B6-9F17-98A4C0BFECAE}"
EndProject
Project("{2150E333-8FDC-42A3-9474-1A3956D46DE8}") = "Infra.Data", "Infra.Data", "{8BD64881-6DAD-4E71-8014-A867E1BF8AC2}"
EndProject
Project("{FAE04EC0-301F-11D3-BF4B-00C04F79EFBC}") = "CleanArch.Infa.Data", "CleanArch.Infa.Data\CleanArch.Infa.Data.csproj", "{717C08C4-A1D0-4C68-A932-A3133CF6E44B}"
EndProject
Project("{FAE04EC0-301F-11D3-BF4B-00C04F79EFBC}") = "CleanArh.Domain", "CleanArh.Domain\CleanArh.Domain.csproj", "{D51FFB6F-6367-456A-B219-0D6AFD5FAD8B}"
EndProject
Project("{FAE04EC0-301F-11D3-BF4B-00C04F79EFBC}") = "CleanArch.Application", "CleanArch.Application\CleanArch.Application.csproj", "{93D65A54-5A94-4C6C-BDE8-22A0ED2811D7}"
EndProject
Project("{FAE04EC0-301F-11D3-BF4B-00C04F79EFBC}") = "CleanArch.Infra.IoC", "CleanArch.Infra.IoC\CleanArch.Infra.IoC.csproj", "{80E2AF2D-8B48-4898-BE9C-09511F9B8F93}"
EndProject
Project("{2150E333-8FDC-42A3-9474-1A3956D46DE8}") = "Infra.Bus", "Infra.Bus", "{CFE85FE3-B596-42CE-8BCD-738E8AE4A607}"
EndProject
Project("{2150E333-8FDC-42A3-9474-1A3956D46DE8}") = "Api", "Api", "{42C742A5-F6B0-481D-AAD6-EC874FE9E2D0}"
EndProject
Project("{FAE04EC0-301F-11D3-BF4B-00C04F79EFBC}") = "CleanArch.Infra.Bus", "CleanArch.Infra.Bus\CleanArch.Infra.Bus.csproj", "{D07675FB-7AC4-4C91-9727-1790FBB0FD15}"
EndProject
Global
	GlobalSection(SolutionConfigurationPlatforms) = preSolution
		Debug|Any CPU = Debug|Any CPU
		Release|Any CPU = Release|Any CPU
	EndGlobalSection
	GlobalSection(ProjectConfigurationPlatforms) = postSolution
		{556210E8-1D03-46B6-9F17-98A4C0BFECAE}.Debug|Any CPU.ActiveCfg = Debug|Any CPU
		{556210E8-1D03-46B6-9F17-98A4C0BFECAE}.Debug|Any CPU.Build.0 = Debug|Any CPU
		{556210E8-1D03-46B6-9F17-98A4C0BFECAE}.Release|Any CPU.ActiveCfg = Release|Any CPU
		{556210E8-1D03-46B6-9F17-98A4C0BFECAE}.Release|Any CPU.Build.0 = Release|Any CPU
		{717C08C4-A1D0-4C68-A932-A3133CF6E44B}.Debug|Any CPU.ActiveCfg = Debug|Any CPU
		{717C08C4-A1D0-4C68-A932-A3133CF6E44B}.Debug|Any CPU.Build.0 = Debug|Any CPU
		{717C08C4-A1D0-4C68-A932-A3133CF6E44B}.Release|Any CPU.ActiveCfg = Release|Any CPU
		{717C08C4-A1D0-4C68-A932-A3133CF6E44B}.Release|Any CPU.Build.0 = Release|Any CPU
		{D51FFB6F-6367-456A-B219-0D6AFD5FAD8B}.Debug|Any CPU.ActiveCfg = Debug|Any CPU
		{D51FFB6F-6367-456A-B219-0D6AFD5FAD8B}.Debug|Any CPU.Build.0 = Debug|Any CPU
		{D51FFB6F-6367-456A-B219-0D6AFD5FAD8B}.Release|Any CPU.ActiveCfg = Release|Any CPU
		{D51FFB6F-6367-456A-B219-0D6AFD5FAD8B}.Release|Any CPU.Build.0 = Release|Any CPU
		{93D65A54-5A94-4C6C-BDE8-22A0ED2811D7}.Debug|Any CPU.ActiveCfg = Debug|Any CPU
		{93D65A54-5A94-4C6C-BDE8-22A0ED2811D7}.Debug|Any CPU.Build.0 = Debug|Any CPU
		{93D65A54-5A94-4C6C-BDE8-22A0ED2811D7}.Release|Any CPU.ActiveCfg = Release|Any CPU
		{93D65A54-5A94-4C6C-BDE8-22A0ED2811D7}.Release|Any CPU.Build.0 = Release|Any CPU
		{80E2AF2D-8B48-4898-BE9C-09511F9B8F93}.Debug|Any CPU.ActiveCfg = Debug|Any CPU
		{80E2AF2D-8B48-4898-BE9C-09511F9B8F93}.Debug|Any CPU.Build.0 = Debug|Any CPU
		{80E2AF2D-8B48-4898-BE9C-09511F9B8F93}.Release|Any CPU.ActiveCfg = Release|Any CPU
		{80E2AF2D-8B48-4898-BE9C-09511F9B8F93}.Release|Any CPU.Build.0 = Release|Any CPU
		{D07675FB-7AC4-4C91-9727-1790FBB0FD15}.Debug|Any CPU.ActiveCfg = Debug|Any CPU
		{D07675FB-7AC4-4C91-9727-1790FBB0FD15}.Debug|Any CPU.Build.0 = Debug|Any CPU
		{D07675FB-7AC4-4C91-9727-1790FBB0FD15}.Release|Any CPU.ActiveCfg = Release|Any CPU
		{D07675FB-7AC4-4C91-9727-1790FBB0FD15}.Release|Any CPU.Build.0 = Release|Any CPU
	EndGlobalSection
	GlobalSection(SolutionProperties) = preSolution
		HideSolutionNode = FALSE
	EndGlobalSection
	GlobalSection(NestedProjects) = preSolution
		{556210E8-1D03-46B6-9F17-98A4C0BFECAE} = {EFF3B30E-74A7-4929-9FCB-DA26855748B0}
		{717C08C4-A1D0-4C68-A932-A3133CF6E44B} = {8BD64881-6DAD-4E71-8014-A867E1BF8AC2}
		{D51FFB6F-6367-456A-B219-0D6AFD5FAD8B} = {DD7B2978-FE69-4F29-8249-EB70ED0F122A}
		{93D65A54-5A94-4C6C-BDE8-22A0ED2811D7} = {D419C7AF-D8D5-479A-B62C-B66B57C73B5F}
		{80E2AF2D-8B48-4898-BE9C-09511F9B8F93} = {D94DE1B1-FEEC-48A4-9713-D67C8358DE8C}
		{D07675FB-7AC4-4C91-9727-1790FBB0FD15} = {CFE85FE3-B596-42CE-8BCD-738E8AE4A607}
	EndGlobalSection
	GlobalSection(ExtensibilityGlobals) = postSolution
		SolutionGuid = {F8F3DCD0-38AD-41DE-961B-181321FAEA1A}
	EndGlobalSection
EndGlobal
